
Microsoft Visual Studio Solution File, Format Version 12.00
# Visual Studio 15
Project("{FAE04EC0-301F-11D3-BF4B-00C04F79EFBC}") = "Assembly-CSharp", "Assembly-CSharp.csproj", "{D04D7145-CF37-B294-86FC-4AD3C30DF73F}"
EndProject
Project("{FAE04EC0-301F-11D3-BF4B-00C04F79EFBC}") = "Assembly-CSharp-Editor", "Assembly-CSharp-Editor.csproj", "{257723F7-D0A4-2389-7302-9D5D89093C88}"
EndProject
Global
	GlobalSection(SolutionConfigurationPlatforms) = preSolution
		Debug|Any CPU = Debug|Any CPU
		Release|Any CPU = Release|Any CPU
	EndGlobalSection
	GlobalSection(ProjectConfigurationPlatforms) = postSolution
		{D04D7145-CF37-B294-86FC-4AD3C30DF73F}.Debug|Any CPU.ActiveCfg = Debug|Any CPU
		{D04D7145-CF37-B294-86FC-4AD3C30DF73F}.Debug|Any CPU.Build.0 = Debug|Any CPU
		{D04D7145-CF37-B294-86FC-4AD3C30DF73F}.Release|Any CPU.ActiveCfg = Release|Any CPU
		{D04D7145-CF37-B294-86FC-4AD3C30DF73F}.Release|Any CPU.Build.0 = Release|Any CPU
		{257723F7-D0A4-2389-7302-9D5D89093C88}.Debug|Any CPU.ActiveCfg = Debug|Any CPU
		{257723F7-D0A4-2389-7302-9D5D89093C88}.Debug|Any CPU.Build.0 = Debug|Any CPU
		{257723F7-D0A4-2389-7302-9D5D89093C88}.Release|Any CPU.ActiveCfg = Release|Any CPU
		{257723F7-D0A4-2389-7302-9D5D89093C88}.Release|Any CPU.Build.0 = Release|Any CPU
	EndGlobalSection
	GlobalSection(SolutionProperties) = preSolution
		HideSolutionNode = FALSE
	EndGlobalSection
EndGlobal
